{
  "name": "to do list",
  "lockfileVersion": 2,
  "requires": true,
  "packages": {
    "": {
      "dependencies": {
        "@majidh1/jalalidatepicker": "^0.6.0"
      },
      "devDependencies": {
        "persian-date": "^1.1.0"
      }
    },
    "node_modules/@majidh1/jalalidatepicker": {
      "version": "0.6.0",
      "resolved": "https://registry.npmjs.org/@majidh1/jalalidatepicker/-/jalalidatepicker-0.6.0.tgz",
      "integrity": "sha512-U2N/jsW+vLizKYIdbq2el8MZrmL48xpVHhJjX57H8aguHD6rqFEeh+g+c8nniyj1wrW8a8ztWxD5oxnScGHOkA=="
    },
    "node_modules/persian-date": {
      "version": "1.1.0",
      "resolved": "https://registry.npmjs.org/persian-date/-/persian-date-1.1.0.tgz",
      "integrity": "sha512-YwV3703jLTTJFFQfP3RvMfvKZc5Z1yE++Deywox+hkVLuVN81VsTaZFma9k5P9SgfSUvXjiylbQVuf4YYLGOow==",
      "dev": true
    }
  },
  "dependencies": {
    "@majidh1/jalalidatepicker": {
      "version": "0.6.0",
      "resolved": "https://registry.npmjs.org/@majidh1/jalalidatepicker/-/jalalidatepicker-0.6.0.tgz",
      "integrity": "sha512-U2N/jsW+vLizKYIdbq2el8MZrmL48xpVHhJjX57H8aguHD6rqFEeh+g+c8nniyj1wrW8a8ztWxD5oxnScGHOkA=="
    },
    "persian-date": {
      "version": "1.1.0",
      "resolved": "https://registry.npmjs.org/persian-date/-/persian-date-1.1.0.tgz",
      "integrity": "sha512-YwV3703jLTTJFFQfP3RvMfvKZc5Z1yE++Deywox+hkVLuVN81VsTaZFma9k5P9SgfSUvXjiylbQVuf4YYLGOow==",
      "dev": true
    }
  }
}
